
Microsoft Visual Studio Solution File, Format Version 12.00
# Visual Studio Version 16
VisualStudioVersion = 16.0.31005.135
MinimumVisualStudioVersion = 10.0.40219.1
Project("{FAE04EC0-301F-11D3-BF4B-00C04F79EFBC}") = "Books.API", "Books.API\Books.API.csproj", "{E37825E0-BBCF-4B2D-B600-C0F011529397}"
EndProject
Project("{FAE04EC0-301F-11D3-BF4B-00C04F79EFBC}") = "BookCovers.API", "BookCovers.API\BookCovers.API.csproj", "{96B5B70C-1B7F-49AE-8DF6-61CEB24FB948}"
EndProject
Global
	GlobalSection(SolutionConfigurationPlatforms) = preSolution
		Debug|Any CPU = Debug|Any CPU
		Release|Any CPU = Release|Any CPU
	EndGlobalSection
	GlobalSection(ProjectConfigurationPlatforms) = postSolution
		{E37825E0-BBCF-4B2D-B600-C0F011529397}.Debug|Any CPU.ActiveCfg = Debug|Any CPU
		{E37825E0-BBCF-4B2D-B600-C0F011529397}.Debug|Any CPU.Build.0 = Debug|Any CPU
		{E37825E0-BBCF-4B2D-B600-C0F011529397}.Release|Any CPU.ActiveCfg = Release|Any CPU
		{E37825E0-BBCF-4B2D-B600-C0F011529397}.Release|Any CPU.Build.0 = Release|Any CPU
		{96B5B70C-1B7F-49AE-8DF6-61CEB24FB948}.Debug|Any CPU.ActiveCfg = Debug|Any CPU
		{96B5B70C-1B7F-49AE-8DF6-61CEB24FB948}.Debug|Any CPU.Build.0 = Debug|Any CPU
		{96B5B70C-1B7F-49AE-8DF6-61CEB24FB948}.Release|Any CPU.ActiveCfg = Release|Any CPU
		{96B5B70C-1B7F-49AE-8DF6-61CEB24FB948}.Release|Any CPU.Build.0 = Release|Any CPU
	EndGlobalSection
	GlobalSection(SolutionProperties) = preSolution
		HideSolutionNode = FALSE
	EndGlobalSection
	GlobalSection(ExtensibilityGlobals) = postSolution
		SolutionGuid = {1986D2F5-94C7-4689-8964-AB9A1CE09719}
	EndGlobalSection
EndGlobal
